
Microsoft Visual Studio Solution File, Format Version 12.00
# Visual Studio Version 17
VisualStudioVersion = 17.10.35013.160
MinimumVisualStudioVersion = 10.0.40219.1
Project("{FAE04EC0-301F-11D3-BF4B-00C04F79EFBC}") = "C# Curso", "C# Curso.csproj", "{16674472-BD43-4314-BDF4-88F58D703882}"
EndProject
Global
	GlobalSection(SolutionConfigurationPlatforms) = preSolution
		Debug|Any CPU = Debug|Any CPU
		Release|Any CPU = Release|Any CPU
	EndGlobalSection
	GlobalSection(ProjectConfigurationPlatforms) = postSolution
		{16674472-BD43-4314-BDF4-88F58D703882}.Debug|Any CPU.ActiveCfg = Debug|Any CPU
		{16674472-BD43-4314-BDF4-88F58D703882}.Debug|Any CPU.Build.0 = Debug|Any CPU
		{16674472-BD43-4314-BDF4-88F58D703882}.Release|Any CPU.ActiveCfg = Release|Any CPU
		{16674472-BD43-4314-BDF4-88F58D703882}.Release|Any CPU.Build.0 = Release|Any CPU
	EndGlobalSection
	GlobalSection(SolutionProperties) = preSolution
		HideSolutionNode = FALSE
	EndGlobalSection
	GlobalSection(ExtensibilityGlobals) = postSolution
		SolutionGuid = {B21BF6B5-D34A-4259-AD4C-883EFD70A13E}
	EndGlobalSection
EndGlobal
